
Microsoft Visual Studio Solution File, Format Version 12.00
# Visual Studio Version 17
VisualStudioVersion = 17.14.36121.58 d17.14
MinimumVisualStudioVersion = 10.0.40219.1
Project("{FAE04EC0-301F-11D3-BF4B-00C04F79EFBC}") = "DotNet9JwtAuth", "DotNet9JwtAuth\DotNet9JwtAuth.csproj", "{FF8D78E1-AFF7-4C8D-9EBA-B9C7AC48B256}"
EndProject
Global
	GlobalSection(SolutionConfigurationPlatforms) = preSolution
		Debug|Any CPU = Debug|Any CPU
		Release|Any CPU = Release|Any CPU
	EndGlobalSection
	GlobalSection(ProjectConfigurationPlatforms) = postSolution
		{FF8D78E1-AFF7-4C8D-9EBA-B9C7AC48B256}.Debug|Any CPU.ActiveCfg = Debug|Any CPU
		{FF8D78E1-AFF7-4C8D-9EBA-B9C7AC48B256}.Debug|Any CPU.Build.0 = Debug|Any CPU
		{FF8D78E1-AFF7-4C8D-9EBA-B9C7AC48B256}.Release|Any CPU.ActiveCfg = Release|Any CPU
		{FF8D78E1-AFF7-4C8D-9EBA-B9C7AC48B256}.Release|Any CPU.Build.0 = Release|Any CPU
	EndGlobalSection
	GlobalSection(SolutionProperties) = preSolution
		HideSolutionNode = FALSE
	EndGlobalSection
	GlobalSection(ExtensibilityGlobals) = postSolution
		SolutionGuid = {0924DAB4-08E7-4A0F-A3A4-5E9EC26E82AB}
	EndGlobalSection
EndGlobal
